// !$*UTF8*$!
{
	archiveVersion = 1;
	classes = {
	};
	objectVersion = 77;
	objects = {

/* Begin PBXContainerItemProxy section */
		8002BADC2E7C7182004BADE9 /* PBXContainerItemProxy */ = {
			isa = PBXContainerItemProxy;
			containerPortal = 8002BAC62E7C717F004BADE9 /* Project object */;
			proxyType = 1;
			remoteGlobalIDString = 8002BACD2E7C717F004BADE9;
			remoteInfo = CartoniaApp;
		};
		8002BAE62E7C7182004BADE9 /* PBXContainerItemProxy */ = {
			isa = PBXContainerItemProxy;
			containerPortal = 8002BAC62E7C717F004BADE9 /* Project object */;
			proxyType = 1;
			remoteGlobalIDString = 8002BACD2E7C717F004BADE9;
			remoteInfo = CartoniaApp;
		};
/* End PBXContainerItemProxy section */

/* Begin PBXFileReference section */
		8002BACE2E7C717F004BADE9 /* CartoniaApp.app */ = {isa = PBXFileReference; explicitFileType = wrapper.application; includeInIndex = 0; path = CartoniaApp.app; sourceTree = BUILT_PRODUCTS_DIR; };
		8002BADB2E7C7182004BADE9 /* CartoniaAppTests.xctest */ = {isa = PBXFileReference; explicitFileType = wrapper.cfbundle; includeInIndex = 0; path = CartoniaAppTests.xctest; sourceTree = BUILT_PRODUCTS_DIR; };
		8002BAE52E7C7182004BADE9 /* CartoniaAppUITests.xctest */ = {isa = PBXFileReference; explicitFileType = wrapper.cfbundle; includeInIndex = 0; path = CartoniaAppUITests.xctest; sourceTree = BUILT_PRODUCTS_DIR; };
/* End PBXFileReference section */

/* Begin PBXFileSystemSynchronizedRootGroup section */
		8002BAD02E7C717F004BADE9 /* CartoniaApp */ = {
			isa = PBXFileSystemSynchronizedRootGroup;
			path = CartoniaApp;
			sourceTree = "<group>";
		};
		8002BADE2E7C7182004BADE9 /* CartoniaAppTests */ = {
			isa = PBXFileSystemSynchronizedRootGroup;
			path = CartoniaAppTests;
			sourceTree = "<group>";
		};
		8002BAE82E7C7182004BADE9 /* CartoniaAppUITests */ = {
			isa = PBXFileSystemSynchronizedRootGroup;
			path = CartoniaAppUITests;
			sourceTree = "<group>";
		};
/* End PBXFileSystemSynchronizedRootGroup section */

/* Begin PBXFrameworksBuildPhase section */
		8002BACB2E7C717F004BADE9 /* Frameworks */ = {
			isa = PBXFrameworksBuildPhase;
			buildActionMask = 2147483647;
			files = (
			);
			runOnlyForDeploymentPostprocessing = 0;
		};
		8002BAD82E7C7182004BADE9 /* Frameworks */ = {
			isa = PBXFrameworksBuildPhase;
			buildActionMask = 2147483647;
			files = (
			);
			runOnlyForDeploymentPostprocessing = 0;
		};
		8002BAE22E7C7182004BADE9 /* Frameworks */ = {
			isa = PBXFrameworksBuildPhase;
			buildActionMask = 2147483647;
			files = (
			);
			runOnlyForDeploymentPostprocessing = 0;
		};
/* End PBXFrameworksBuildPhase section */

/* Begin PBXGroup section */
		8002BAC52E7C717F004BADE9 = {
			isa = PBXGroup;
			children = (
				8002BAD02E7C717F004BADE9 /* CartoniaApp */,
				8002BADE2E7C7182004BADE9 /* CartoniaAppTests */,
				8002BAE82E7C7182004BADE9 /* CartoniaAppUITests */,
				8002BACF2E7C717F004BADE9 /* Products */,
			);
			sourceTree = "<group>";
		};
		8002BACF2E7C717F004BADE9 /* Products */ = {
			isa = PBXGroup;
			children = (
				8002BACE2E7C717F004BADE9 /* CartoniaApp.app */,
				8002BADB2E7C7182004BADE9 /* CartoniaAppTests.xctest */,
				8002BAE52E7C7182004BADE9 /* CartoniaAppUITests.xctest */,
			);
			name = Products;
			sourceTree = "<group>";
		};
/* End PBXGroup section */

/* Begin PBXNativeTarget section */
		8002BACD2E7C717F004BADE9 /* CartoniaApp */ = {
			isa = PBXNativeTarget;
			buildConfigurationList = 8002BAEF2E7C7182004BADE9 /* Build configuration list for PBXNativeTarget "CartoniaApp" */;
			buildPhases = (
				8002BACA2E7C717F004BADE9 /* Sources */,
				8002BACB2E7C717F004BADE9 /* Frameworks */,
				8002BACC2E7C717F004BADE9 /* Resources */,
			);
			buildRules = (
			);
			dependencies = (
			);
			fileSystemSynchronizedGroups = (
				8002BAD02E7C717F004BADE9 /* CartoniaApp */,
			);
			name = CartoniaApp;
			packageProductDependencies = (
			);
			productName = CartoniaApp;
			productReference = 8002BACE2E7C717F004BADE9 /* CartoniaApp.app */;
			productType = "com.apple.product-type.application";
		};
		8002BADA2E7C7182004BADE9 /* CartoniaAppTests */ = {
			isa = PBXNativeTarget;
			buildConfigurationList = 8002BAF22E7C7182004BADE9 /* Build configuration list for PBXNativeTarget "CartoniaAppTests" */;
			buildPhases = (
				8002BAD72E7C7182004BADE9 /* Sources */,
				8002BAD82E7C7182004BADE9 /* Frameworks */,
				8002BAD92E7C7182004BADE9 /* Resources */,
			);
			buildRules = (
			);
			dependencies = (
				8002BADD2E7C7182004BADE9 /* PBXTargetDependency */,
			);
			fileSystemSynchronizedGroups = (
				8002BADE2E7C7182004BADE9 /* CartoniaAppTests */,
			);
			name = CartoniaAppTests;
			packageProductDependencies = (
			);
			productName = CartoniaAppTests;
			productReference = 8002BADB2E7C7182004BADE9 /* CartoniaAppTests.xctest */;
			productType = "com.apple.product-type.bundle.unit-test";
		};
		8002BAE42E7C7182004BADE9 /* CartoniaAppUITests */ = {
			isa = PBXNativeTarget;
			buildConfigurationList = 8002BAF52E7C7182004BADE9 /* Build configuration list for PBXNativeTarget "CartoniaAppUITests" */;
			buildPhases = (
				8002BAE12E7C7182004BADE9 /* Sources */,
				8002BAE22E7C7182004BADE9 /* Frameworks */,
				8002BAE32E7C7182004BADE9 /* Resources */,
			);
			buildRules = (
			);
			dependencies = (
				8002BAE72E7C7182004BADE9 /* PBXTargetDependency */,
			);
			fileSystemSynchronizedGroups = (
				8002BAE82E7C7182004BADE9 /* CartoniaAppUITests */,
			);
			name = CartoniaAppUITests;
			packageProductDependencies = (
			);
			productName = CartoniaAppUITests;
			productReference = 8002BAE52E7C7182004BADE9 /* CartoniaAppUITests.xctest */;
			productType = "com.apple.product-type.bundle.ui-testing";
		};
/* End PBXNativeTarget section */

/* Begin PBXProject section */
		8002BAC62E7C717F004BADE9 /* Project object */ = {
			isa = PBXProject;
			attributes = {
				BuildIndependentTargetsInParallel = 1;
				LastSwiftUpdateCheck = 1640;
				LastUpgradeCheck = 1640;
				TargetAttributes = {
					8002BACD2E7C717F004BADE9 = {
						CreatedOnToolsVersion = 16.4;
					};
					8002BADA2E7C7182004BADE9 = {
						CreatedOnToolsVersion = 16.4;
						TestTargetID = 8002BACD2E7C717F004BADE9;
					};
					8002BAE42E7C7182004BADE9 = {
						CreatedOnToolsVersion = 16.4;
						TestTargetID = 8002BACD2E7C717F004BADE9;
					};
				};
			};
			buildConfigurationList = 8002BAC92E7C717F004BADE9 /* Build configuration list for PBXProject "CartoniaApp" */;
			developmentRegion = en;
			hasScannedForEncodings = 0;
			knownRegions = (
				en,
				Base,
			);
			mainGroup = 8002BAC52E7C717F004BADE9;
			minimizedProjectReferenceProxies = 1;
			preferredProjectObjectVersion = 77;
			productRefGroup = 8002BACF2E7C717F004BADE9 /* Products */;
			projectDirPath = "";
			projectRoot = "";
			targets = (
				8002BACD2E7C717F004BADE9 /* CartoniaApp */,
				8002BADA2E7C7182004BADE9 /* CartoniaAppTests */,
				8002BAE42E7C7182004BADE9 /* CartoniaAppUITests */,
			);
		};
/* End PBXProject section */

/* Begin PBXResourcesBuildPhase section */
		8002BACC2E7C717F004BADE9 /* Resources */ = {
			isa = PBXResourcesBuildPhase;
			buildActionMask = 2147483647;
			files = (
			);
			runOnlyForDeploymentPostprocessing = 0;
		};
		8002BAD92E7C7182004BADE9 /* Resources */ = {
			isa = PBXResourcesBuildPhase;
			buildActionMask = 2147483647;
			files = (
			);
			runOnlyForDeploymentPostprocessing = 0;
		};
		8002BAE32E7C7182004BADE9 /* Resources */ = {
			isa = PBXResourcesBuildPhase;
			buildActionMask = 2147483647;
			files = (
			);
			runOnlyForDeploymentPostprocessing = 0;
		};
/* End PBXResourcesBuildPhase section */

/* Begin PBXSourcesBuildPhase section */
		8002BACA2E7C717F004BADE9 /* Sources */ = {
			isa = PBXSourcesBuildPhase;
			buildActionMask = 2147483647;
			files = (
			);
			runOnlyForDeploymentPostprocessing = 0;
		};
		8002BAD72E7C7182004BADE9 /* Sources */ = {
			isa = PBXSourcesBuildPhase;
			buildActionMask = 2147483647;
			files = (
			);
			runOnlyForDeploymentPostprocessing = 0;
		};
		8002BAE12E7C7182004BADE9 /* Sources */ = {
			isa = PBXSourcesBuildPhase;
			buildActionMask = 2147483647;
			files = (
			);
			runOnlyForDeploymentPostprocessing = 0;
		};
/* End PBXSourcesBuildPhase section */

/* Begin PBXTargetDependency section */
		8002BADD2E7C7182004BADE9 /* PBXTargetDependency */ = {
			isa = PBXTargetDependency;
			target = 8002BACD2E7C717F004BADE9 /* CartoniaApp */;
			targetProxy = 8002BADC2E7C7182004BADE9 /* PBXContainerItemProxy */;
		};
		8002BAE72E7C7182004BADE9 /* PBXTargetDependency */ = {
			isa = PBXTargetDependency;
			target = 8002BACD2E7C717F004BADE9 /* CartoniaApp */;
			targetProxy = 8002BAE62E7C7182004BADE9 /* PBXContainerItemProxy */;
		};
/* End PBXTargetDependency section */

/* Begin PBXShellScriptBuildPhase section */
/* End PBXShellScriptBuildPhase section */

/* Begin XCBuildConfiguration section */
		8002BAED2E7C7182004BADE9 /* Debug */ = {
			isa = XCBuildConfiguration;
			buildSettings = {
				ALWAYS_SEARCH_USER_PATHS = NO;
				ASSETCATALOG_COMPILER_GENERATE_SWIFT_ASSET_SYMBOL_EXTENSIONS = YES;
				CLANG_ANALYZER_NONNULL = YES;
				CLANG_ANALYZER_NUMBER_OBJECT_CONVERSION = YES_AGGRESSIVE;
				CLANG_CXX_LANGUAGE_STANDARD = "gnu++20";
				CLANG_ENABLE_MODULES = YES;
				CLANG_ENABLE_OBJC_ARC = YES;
				CLANG_ENABLE_OBJC_WEAK = YES;
				CLANG_WARN_BLOCK_CAPTURE_AUTORELEASING = YES;
				CLANG_WARN_BOOL_CONVERSION = YES;
				CLANG_WARN_COMMA = YES;
				CLANG_WARN_CONSTANT_CONVERSION = YES;
				CLANG_WARN_DEPRECATED_OBJC_IMPLEMENTATIONS = YES;
				CLANG_WARN_DIRECT_OBJC_ISA_USAGE = YES_ERROR;
				CLANG_WARN_DOCUMENTATION_COMMENTS = YES;
				CLANG_WARN_EMPTY_BODY = YES;
				CLANG_WARN_ENUM_CONVERSION = YES;
				CLANG_WARN_INFINITE_RECURSION = YES;
				CLANG_WARN_INT_CONVERSION = YES;
				CLANG_WARN_NON_LITERAL_NULL_CONVERSION = YES;
				CLANG_WARN_OBJC_IMPLICIT_RETAIN_SELF = YES;
				CLANG_WARN_OBJC_LITERAL_CONVERSION = YES;
				CLANG_WARN_OBJC_ROOT_CLASS = YES_ERROR;
				CLANG_WARN_QUOTED_INCLUDE_IN_FRAMEWORK_HEADER = YES;
				CLANG_WARN_RANGE_LOOP_ANALYSIS = YES;
				CLANG_WARN_STRICT_PROTOTYPES = YES;
				CLANG_WARN_SUSPICIOUS_MOVE = YES;
				CLANG_WARN_UNGUARDED_AVAILABILITY = YES_AGGRESSIVE;
				CLANG_WARN_UNREACHABLE_CODE = YES;
				CLANG_WARN__DUPLICATE_METHOD_MATCH = YES;
				COPY_PHASE_STRIP = NO;
				DEBUG_INFORMATION_FORMAT = dwarf;
				DEVELOPMENT_TEAM = PQ6M67LP4Y;
				ENABLE_STRICT_OBJC_MSGSEND = YES;
				ENABLE_TESTABILITY = YES;
				ENABLE_USER_SCRIPT_SANDBOXING = YES;
				GCC_C_LANGUAGE_STANDARD = gnu17;
				GCC_DYNAMIC_NO_PIC = NO;
				GCC_NO_COMMON_BLOCKS = YES;
				GCC_OPTIMIZATION_LEVEL = 0;
				GCC_PREPROCESSOR_DEFINITIONS = (
					"DEBUG=1",
					"$(inherited)",
				);
				GCC_WARN_64_TO_32_BIT_CONVERSION = YES;
				GCC_WARN_ABOUT_RETURN_TYPE = YES_ERROR;
				GCC_WARN_UNDECLARED_SELECTOR = YES;
				GCC_WARN_UNINITIALIZED_AUTOS = YES_AGGRESSIVE;
				GCC_WARN_UNUSED_FUNCTION = YES;
				GCC_WARN_UNUSED_VARIABLE = YES;
				IPHONEOS_DEPLOYMENT_TARGET = 18.5;
				LOCALIZATION_PREFERS_STRING_CATALOGS = YES;
				MTL_ENABLE_DEBUG_INFO = INCLUDE_SOURCE;
				MTL_FAST_MATH = YES;
				ONLY_ACTIVE_ARCH = YES;
				SDKROOT = iphoneos;
				SWIFT_ACTIVE_COMPILATION_CONDITIONS = "DEBUG $(inherited)";
				SWIFT_OPTIMIZATION_LEVEL = "-Onone";
			};
			name = Debug;
		};
		8002BAEE2E7C7182004BADE9 /* Release */ = {
			isa = XCBuildConfiguration;
			buildSettings = {
				ALWAYS_SEARCH_USER_PATHS = NO;
				ASSETCATALOG_COMPILER_GENERATE_SWIFT_ASSET_SYMBOL_EXTENSIONS = YES;
				CLANG_ANALYZER_NONNULL = YES;
				CLANG_ANALYZER_NUMBER_OBJECT_CONVERSION = YES_AGGRESSIVE;
				CLANG_CXX_LANGUAGE_STANDARD = "gnu++20";
				CLANG_ENABLE_MODULES = YES;
				CLANG_ENABLE_OBJC_ARC = YES;
				CLANG_ENABLE_OBJC_WEAK = YES;
				CLANG_WARN_BLOCK_CAPTURE_AUTORELEASING = YES;
				CLANG_WARN_BOOL_CONVERSION = YES;
				CLANG_WARN_COMMA = YES;
				CLANG_WARN_CONSTANT_CONVERSION = YES;
				CLANG_WARN_DEPRECATED_OBJC_IMPLEMENTATIONS = YES;
				CLANG_WARN_DIRECT_OBJC_ISA_USAGE = YES_ERROR;
				CLANG_WARN_DOCUMENTATION_COMMENTS = YES;
				CLANG_WARN_EMPTY_BODY = YES;
				CLANG_WARN_ENUM_CONVERSION = YES;
				CLANG_WARN_INFINITE_RECURSION = YES;
				CLANG_WARN_INT_CONVERSION = YES;
				CLANG_WARN_NON_LITERAL_NULL_CONVERSION = YES;
				CLANG_WARN_OBJC_IMPLICIT_RETAIN_SELF = YES;
				CLANG_WARN_OBJC_LITERAL_CONVERSION = YES;
				CLANG_WARN_OBJC_ROOT_CLASS = YES_ERROR;
				CLANG_WARN_QUOTED_INCLUDE_IN_FRAMEWORK_HEADER = YES;
				CLANG_WARN_RANGE_LOOP_ANALYSIS = YES;
				CLANG_WARN_STRICT_PROTOTYPES = YES;
				CLANG_WARN_SUSPICIOUS_MOVE = YES;
				CLANG_WARN_UNGUARDED_AVAILABILITY = YES_AGGRESSIVE;
				CLANG_WARN_UNREACHABLE_CODE = YES;
				CLANG_WARN__DUPLICATE_METHOD_MATCH = YES;
				COPY_PHASE_STRIP = NO;
				DEBUG_INFORMATION_FORMAT = "dwarf-with-dsym";
				DEVELOPMENT_TEAM = PQ6M67LP4Y;
				ENABLE_NS_ASSERTIONS = NO;
				ENABLE_STRICT_OBJC_MSGSEND = YES;
				ENABLE_USER_SCRIPT_SANDBOXING = YES;
				GCC_C_LANGUAGE_STANDARD = gnu17;
				GCC_NO_COMMON_BLOCKS = YES;
				GCC_WARN_64_TO_32_BIT_CONVERSION = YES;
				GCC_WARN_ABOUT_RETURN_TYPE = YES_ERROR;
				GCC_WARN_UNDECLARED_SELECTOR = YES;
				GCC_WARN_UNINITIALIZED_AUTOS = YES_AGGRESSIVE;
				GCC_WARN_UNUSED_FUNCTION = YES;
				GCC_WARN_UNUSED_VARIABLE = YES;
				IPHONEOS_DEPLOYMENT_TARGET = 18.5;
				LOCALIZATION_PREFERS_STRING_CATALOGS = YES;
				MTL_ENABLE_DEBUG_INFO = NO;
				MTL_FAST_MATH = YES;
				SDKROOT = iphoneos;
				SWIFT_COMPILATION_MODE = wholemodule;
				VALIDATE_PRODUCT = YES;
			};
			name = Release;
		};
		8002BAF02E7C7182004BADE9 /* Debug */ = {
			isa = XCBuildConfiguration;
			buildSettings = {
				ASSETCATALOG_COMPILER_APPICON_NAME = AppIcon;
				ASSETCATALOG_COMPILER_GLOBAL_ACCENT_COLOR_NAME = AccentColor;
				CODE_SIGN_STYLE = Automatic;
				CURRENT_PROJECT_VERSION = 1;
				DEVELOPMENT_TEAM = PQ6M67LP4Y;
				ENABLE_PREVIEWS = YES;
				GENERATE_INFOPLIST_FILE = YES;
				INFOPLIST_KEY_UIApplicationSceneManifest_Generation = YES;
				INFOPLIST_KEY_UIApplicationSupportsIndirectInputEvents = YES;
				INFOPLIST_KEY_UILaunchScreen_Generation = YES;
				INFOPLIST_KEY_UISupportedInterfaceOrientations_iPad = "UIInterfaceOrientationPortrait UIInterfaceOrientationPortraitUpsideDown UIInterfaceOrientationLandscapeLeft UIInterfaceOrientationLandscapeRight";
				INFOPLIST_KEY_UISupportedInterfaceOrientations_iPhone = "UIInterfaceOrientationPortrait UIInterfaceOrientationLandscapeLeft UIInterfaceOrientationLandscapeRight";
				LD_RUNPATH_SEARCH_PATHS = (
					"$(inherited)",
					"@executable_path/Frameworks",
				);
				MARKETING_VERSION = 1.0;
				PRODUCT_BUNDLE_IDENTIFIER = "Pedro-Ferreira.CartoniaApp";
				PRODUCT_NAME = "$(TARGET_NAME)";
				SWIFT_EMIT_LOC_STRINGS = YES;
				SWIFT_VERSION = 5.0;
				TARGETED_DEVICE_FAMILY = "1,2";
			};
			name = Debug;
		};
		8002BAF12E7C7182004BADE9 /* Release */ = {
			isa = XCBuildConfiguration;
			buildSettings = {
				ASSETCATALOG_COMPILER_APPICON_NAME = AppIcon;
				ASSETCATALOG_COMPILER_GLOBAL_ACCENT_COLOR_NAME = AccentColor;
				CODE_SIGN_STYLE = Automatic;
				CURRENT_PROJECT_VERSION = 1;
				DEVELOPMENT_TEAM = PQ6M67LP4Y;
				ENABLE_PREVIEWS = YES;
				GENERATE_INFOPLIST_FILE = YES;
				INFOPLIST_KEY_UIApplicationSceneManifest_Generation = YES;
				INFOPLIST_KEY_UIApplicationSupportsIndirectInputEvents = YES;
				INFOPLIST_KEY_UILaunchScreen_Generation = YES;
				INFOPLIST_KEY_UISupportedInterfaceOrientations_iPad = "UIInterfaceOrientationPortrait UIInterfaceOrientationPortraitUpsideDown UIInterfaceOrientationLandscapeLeft UIInterfaceOrientationLandscapeRight";
				INFOPLIST_KEY_UISupportedInterfaceOrientations_iPhone = "UIInterfaceOrientationPortrait UIInterfaceOrientationLandscapeLeft UIInterfaceOrientationLandscapeRight";
				LD_RUNPATH_SEARCH_PATHS = (
					"$(inherited)",
					"@executable_path/Frameworks",
				);
				MARKETING_VERSION = 1.0;
				PRODUCT_BUNDLE_IDENTIFIER = "Pedro-Ferreira.CartoniaApp";
				PRODUCT_NAME = "$(TARGET_NAME)";
				SWIFT_EMIT_LOC_STRINGS = YES;
				SWIFT_VERSION = 5.0;
				TARGETED_DEVICE_FAMILY = "1,2";
			};
			name = Release;
		};
		8002BAF32E7C7182004BADE9 /* Debug */ = {
			isa = XCBuildConfiguration;
			buildSettings = {
				BUNDLE_LOADER = "$(TEST_HOST)";
				CODE_SIGN_STYLE = Automatic;
				CURRENT_PROJECT_VERSION = 1;
				DEVELOPMENT_TEAM = PQ6M67LP4Y;
				GENERATE_INFOPLIST_FILE = YES;
				IPHONEOS_DEPLOYMENT_TARGET = 18.5;
				MARKETING_VERSION = 1.0;
				PRODUCT_BUNDLE_IDENTIFIER = "Pedro-Ferreira.CartoniaAppTests";
				PRODUCT_NAME = "$(TARGET_NAME)";
				SWIFT_EMIT_LOC_STRINGS = NO;
				SWIFT_VERSION = 5.0;
				TARGETED_DEVICE_FAMILY = "1,2";
				TEST_HOST = "$(BUILT_PRODUCTS_DIR)/CartoniaApp.app/$(BUNDLE_EXECUTABLE_FOLDER_PATH)/CartoniaApp";
			};
			name = Debug;
		};
		8002BAF42E7C7182004BADE9 /* Release */ = {
			isa = XCBuildConfiguration;
			buildSettings = {
				BUNDLE_LOADER = "$(TEST_HOST)";
				CODE_SIGN_STYLE = Automatic;
				CURRENT_PROJECT_VERSION = 1;
				DEVELOPMENT_TEAM = PQ6M67LP4Y;
				GENERATE_INFOPLIST_FILE = YES;
				IPHONEOS_DEPLOYMENT_TARGET = 18.5;
				MARKETING_VERSION = 1.0;
				PRODUCT_BUNDLE_IDENTIFIER = "Pedro-Ferreira.CartoniaAppTests";
				PRODUCT_NAME = "$(TARGET_NAME)";
				SWIFT_EMIT_LOC_STRINGS = NO;
				SWIFT_VERSION = 5.0;
				TARGETED_DEVICE_FAMILY = "1,2";
				TEST_HOST = "$(BUILT_PRODUCTS_DIR)/CartoniaApp.app/$(BUNDLE_EXECUTABLE_FOLDER_PATH)/CartoniaApp";
			};
			name = Release;
		};
		8002BAF62E7C7182004BADE9 /* Debug */ = {
			isa = XCBuildConfiguration;
			buildSettings = {
				CODE_SIGN_STYLE = Automatic;
				CURRENT_PROJECT_VERSION = 1;
				DEVELOPMENT_TEAM = PQ6M67LP4Y;
				GENERATE_INFOPLIST_FILE = YES;
				MARKETING_VERSION = 1.0;
				PRODUCT_BUNDLE_IDENTIFIER = "Pedro-Ferreira.CartoniaAppUITests";
				PRODUCT_NAME = "$(TARGET_NAME)";
				SWIFT_EMIT_LOC_STRINGS = NO;
				SWIFT_VERSION = 5.0;
				TARGETED_DEVICE_FAMILY = "1,2";
				TEST_TARGET_NAME = CartoniaApp;
			};
			name = Debug;
		};
		8002BAF72E7C7182004BADE9 /* Release */ = {
			isa = XCBuildConfiguration;
			buildSettings = {
				CODE_SIGN_STYLE = Automatic;
				CURRENT_PROJECT_VERSION = 1;
				DEVELOPMENT_TEAM = PQ6M67LP4Y;
				GENERATE_INFOPLIST_FILE = YES;
				MARKETING_VERSION = 1.0;
				PRODUCT_BUNDLE_IDENTIFIER = "Pedro-Ferreira.CartoniaAppUITests";
				PRODUCT_NAME = "$(TARGET_NAME)";
				SWIFT_EMIT_LOC_STRINGS = NO;
				SWIFT_VERSION = 5.0;
				TARGETED_DEVICE_FAMILY = "1,2";
				TEST_TARGET_NAME = CartoniaApp;
			};
			name = Release;
		};
/* End XCBuildConfiguration section */

/* Begin XCConfigurationList section */
		8002BAC92E7C717F004BADE9 /* Build configuration list for PBXProject "CartoniaApp" */ = {
			isa = XCConfigurationList;
			buildConfigurations = (
				8002BAED2E7C7182004BADE9 /* Debug */,
				8002BAEE2E7C7182004BADE9 /* Release */,
			);
			defaultConfigurationIsVisible = 0;
			defaultConfigurationName = Release;
		};
		8002BAEF2E7C7182004BADE9 /* Build configuration list for PBXNativeTarget "CartoniaApp" */ = {
			isa = XCConfigurationList;
			buildConfigurations = (
				8002BAF02E7C7182004BADE9 /* Debug */,
				8002BAF12E7C7182004BADE9 /* Release */,
			);
			defaultConfigurationIsVisible = 0;
			defaultConfigurationName = Release;
		};
		8002BAF22E7C7182004BADE9 /* Build configuration list for PBXNativeTarget "CartoniaAppTests" */ = {
			isa = XCConfigurationList;
			buildConfigurations = (
				8002BAF32E7C7182004BADE9 /* Debug */,
				8002BAF42E7C7182004BADE9 /* Release */,
			);
			defaultConfigurationIsVisible = 0;
			defaultConfigurationName = Release;
		};
		8002BAF52E7C7182004BADE9 /* Build configuration list for PBXNativeTarget "CartoniaAppUITests" */ = {
			isa = XCConfigurationList;
			buildConfigurations = (
				8002BAF62E7C7182004BADE9 /* Debug */,
				8002BAF72E7C7182004BADE9 /* Release */,
			);
			defaultConfigurationIsVisible = 0;
			defaultConfigurationName = Release;
		};
/* End XCConfigurationList section */
	};
	rootObject = 8002BAC62E7C717F004BADE9 /* Project object */;
}
